
Microsoft Visual Studio Solution File, Format Version 12.00
# Visual Studio Version 17
VisualStudioVersion = 17.11.35208.52
MinimumVisualStudioVersion = 10.0.40219.1
Project("{FAE04EC0-301F-11D3-BF4B-00C04F79EFBC}") = "FoodDeliveryVersion1", "FoodDeliveryVersion1.csproj", "{FFD2FD3D-85CC-4BDF-9469-04EB5570CB89}"
EndProject
Global
	GlobalSection(SolutionConfigurationPlatforms) = preSolution
		Debug|Any CPU = Debug|Any CPU
		Debug|x64 = Debug|x64
		Release|Any CPU = Release|Any CPU
		Release|x64 = Release|x64
	EndGlobalSection
	GlobalSection(ProjectConfigurationPlatforms) = postSolution
		{FFD2FD3D-85CC-4BDF-9469-04EB5570CB89}.Debug|Any CPU.ActiveCfg = Debug|Any CPU
		{FFD2FD3D-85CC-4BDF-9469-04EB5570CB89}.Debug|Any CPU.Build.0 = Debug|Any CPU
		{FFD2FD3D-85CC-4BDF-9469-04EB5570CB89}.Debug|x64.ActiveCfg = Debug|x64
		{FFD2FD3D-85CC-4BDF-9469-04EB5570CB89}.Debug|x64.Build.0 = Debug|x64
		{FFD2FD3D-85CC-4BDF-9469-04EB5570CB89}.Release|Any CPU.ActiveCfg = Release|Any CPU
		{FFD2FD3D-85CC-4BDF-9469-04EB5570CB89}.Release|Any CPU.Build.0 = Release|Any CPU
		{FFD2FD3D-85CC-4BDF-9469-04EB5570CB89}.Release|x64.ActiveCfg = Release|x64
		{FFD2FD3D-85CC-4BDF-9469-04EB5570CB89}.Release|x64.Build.0 = Release|x64
	EndGlobalSection
	GlobalSection(SolutionProperties) = preSolution
		HideSolutionNode = FALSE
	EndGlobalSection
	GlobalSection(ExtensibilityGlobals) = postSolution
		SolutionGuid = {B9481F9D-3EF5-4DF5-B5EB-99FCB2995162}
	EndGlobalSection
EndGlobal
